{
  "version": 4,
  "terraform_version": "1.14.4",
  "serial": 26,
  "lineage": "3aadaeed-c488-2e1a-ba34-08e21dffac56",
  "outputs": {},
  "resources": [
    {
      "mode": "managed",
      "type": "local_file",
      "name": "new_file",
      "provider": "provider[\"registry.terraform.io/hashicorp/local\"]",
      "instances": [
        {
          "schema_version": 0,
          "attributes": {
            "content": "The Taj Mahal",
            "content_base64": null,
            "content_base64sha256": "BCVVEEUWKOrXU8AwHN8Wjbn9s1aIbjEJ+/NAX7HC2lc=",
            "content_base64sha512": "kVaPu1/HUyx1kv20mfdEXnb3J7khD0LuOZnh5Ap5L0yafmuPgatdKqdMvtr6Te0/90SdeeZCjKGr7YLyxyXPKA==",
            "content_md5": "7fbb81771646af4d74b3b80b9d17a5a5",
            "content_sha1": "cefa9e034cef763be0f9c62f0b21ff88cd4971ce",
            "content_sha256": "04255510451628ead753c0301cdf168db9fdb356886e3109fbf3405fb1c2da57",
            "content_sha512": "91568fbb5fc7532c7592fdb499f7445e76f727b9210f42ee3999e1e40a792f4c9a7e6b8f81ab5d2aa74cbedafa4ded3ff7449d79e6428ca1abed82f2c725cf28",
            "directory_permission": "0777",
            "file_permission": "0777",
            "filename": "file.json",
            "id": "cefa9e034cef763be0f9c62f0b21ff88cd4971ce",
            "sensitive_content": null,
            "source": null
          },
          "sensitive_attributes": [
            [
              {
                "type": "get_attr",
                "value": "sensitive_content"
              }
            ]
          ],
          "identity_schema_version": 0
        }
      ]
    }
  ],
  "check_results": null
}
